
Microsoft Visual Studio Solution File, Format Version 12.00
# Visual Studio Version 17
VisualStudioVersion = 17.0.31912.275
MinimumVisualStudioVersion = 10.0.40219.1
Project("{FAE04EC0-301F-11D3-BF4B-00C04F79EFBC}") = "SimplifyGeoJson", "SimplifyGeoJson.csproj", "{307BFDBF-910A-41EC-A7AB-C6F56B2B7B6B}"
EndProject
Global
	GlobalSection(SolutionConfigurationPlatforms) = preSolution
		Debug|Any CPU = Debug|Any CPU
		Release|Any CPU = Release|Any CPU
	EndGlobalSection
	GlobalSection(ProjectConfigurationPlatforms) = postSolution
		{307BFDBF-910A-41EC-A7AB-C6F56B2B7B6B}.Debug|Any CPU.ActiveCfg = Debug|Any CPU
		{307BFDBF-910A-41EC-A7AB-C6F56B2B7B6B}.Debug|Any CPU.Build.0 = Debug|Any CPU
		{307BFDBF-910A-41EC-A7AB-C6F56B2B7B6B}.Release|Any CPU.ActiveCfg = Release|Any CPU
		{307BFDBF-910A-41EC-A7AB-C6F56B2B7B6B}.Release|Any CPU.Build.0 = Release|Any CPU
	EndGlobalSection
	GlobalSection(SolutionProperties) = preSolution
		HideSolutionNode = FALSE
	EndGlobalSection
	GlobalSection(ExtensibilityGlobals) = postSolution
		SolutionGuid = {AA1626A7-DE45-4B99-B7E6-3DC2930CAD93}
	EndGlobalSection
EndGlobal
